
Microsoft Visual Studio Solution File, Format Version 12.00
# Visual Studio Version 17
VisualStudioVersion = 17.0.31903.59
MinimumVisualStudioVersion = 10.0.40219.1
Project("{2150E333-8FDC-42A3-9474-1A3956D46DE8}") = "src", "src", "{827E0CD3-B72D-47B6-A68D-7590B98EB39B}"
EndProject
Project("{FAE04EC0-301F-11D3-BF4B-00C04F79EFBC}") = "PZAdvancedServerManager.Core", "src\PZAdvancedServerManager.Core\PZAdvancedServerManager.Core.csproj", "{E3AC9C12-D144-4A5D-8F7D-ADD48ADBA50C}"
EndProject
Project("{FAE04EC0-301F-11D3-BF4B-00C04F79EFBC}") = "PZAdvancedServerManager.App", "src\PZAdvancedServerManager.App\PZAdvancedServerManager.App.csproj", "{4A3576E3-BB07-41BB-8B0C-0BB383110BE6}"
EndProject
Project("{FAE04EC0-301F-11D3-BF4B-00C04F79EFBC}") = "PZAdvancedServerManager.Core.Tests", "tests\PZAdvancedServerManager.Core.Tests\PZAdvancedServerManager.Core.Tests.csproj", "{868B4F40-658E-4CA9-9DE2-4BDD7D3E91E0}"
EndProject
Project("{FAE04EC0-301F-11D3-BF4B-00C04F79EFBC}") = "PZAdvancedServerManager.Cli", "src\PZAdvancedServerManager.Cli\PZAdvancedServerManager.Cli.csproj", "{7FDB6623-1597-4F61-9DD5-85157A7EAD5C}"
EndProject
Global
	GlobalSection(SolutionConfigurationPlatforms) = preSolution
		Debug|Any CPU = Debug|Any CPU
		Debug|x64 = Debug|x64
		Debug|x86 = Debug|x86
		Release|Any CPU = Release|Any CPU
		Release|x64 = Release|x64
		Release|x86 = Release|x86
	EndGlobalSection
	GlobalSection(ProjectConfigurationPlatforms) = postSolution
		{E3AC9C12-D144-4A5D-8F7D-ADD48ADBA50C}.Debug|Any CPU.ActiveCfg = Debug|Any CPU
		{E3AC9C12-D144-4A5D-8F7D-ADD48ADBA50C}.Debug|Any CPU.Build.0 = Debug|Any CPU
		{E3AC9C12-D144-4A5D-8F7D-ADD48ADBA50C}.Debug|x64.ActiveCfg = Debug|Any CPU
		{E3AC9C12-D144-4A5D-8F7D-ADD48ADBA50C}.Debug|x64.Build.0 = Debug|Any CPU
		{E3AC9C12-D144-4A5D-8F7D-ADD48ADBA50C}.Debug|x86.ActiveCfg = Debug|Any CPU
		{E3AC9C12-D144-4A5D-8F7D-ADD48ADBA50C}.Debug|x86.Build.0 = Debug|Any CPU
		{E3AC9C12-D144-4A5D-8F7D-ADD48ADBA50C}.Release|Any CPU.ActiveCfg = Release|Any CPU
		{E3AC9C12-D144-4A5D-8F7D-ADD48ADBA50C}.Release|Any CPU.Build.0 = Release|Any CPU
		{E3AC9C12-D144-4A5D-8F7D-ADD48ADBA50C}.Release|x64.ActiveCfg = Release|Any CPU
		{E3AC9C12-D144-4A5D-8F7D-ADD48ADBA50C}.Release|x64.Build.0 = Release|Any CPU
		{E3AC9C12-D144-4A5D-8F7D-ADD48ADBA50C}.Release|x86.ActiveCfg = Release|Any CPU
		{E3AC9C12-D144-4A5D-8F7D-ADD48ADBA50C}.Release|x86.Build.0 = Release|Any CPU
		{4A3576E3-BB07-41BB-8B0C-0BB383110BE6}.Debug|Any CPU.ActiveCfg = Debug|Any CPU
		{4A3576E3-BB07-41BB-8B0C-0BB383110BE6}.Debug|Any CPU.Build.0 = Debug|Any CPU
		{4A3576E3-BB07-41BB-8B0C-0BB383110BE6}.Debug|x64.ActiveCfg = Debug|Any CPU
		{4A3576E3-BB07-41BB-8B0C-0BB383110BE6}.Debug|x64.Build.0 = Debug|Any CPU
		{4A3576E3-BB07-41BB-8B0C-0BB383110BE6}.Debug|x86.ActiveCfg = Debug|Any CPU
		{4A3576E3-BB07-41BB-8B0C-0BB383110BE6}.Debug|x86.Build.0 = Debug|Any CPU
		{4A3576E3-BB07-41BB-8B0C-0BB383110BE6}.Release|Any CPU.ActiveCfg = Release|Any CPU
		{4A3576E3-BB07-41BB-8B0C-0BB383110BE6}.Release|Any CPU.Build.0 = Release|Any CPU
		{4A3576E3-BB07-41BB-8B0C-0BB383110BE6}.Release|x64.ActiveCfg = Release|Any CPU
		{4A3576E3-BB07-41BB-8B0C-0BB383110BE6}.Release|x64.Build.0 = Release|Any CPU
		{4A3576E3-BB07-41BB-8B0C-0BB383110BE6}.Release|x86.ActiveCfg = Release|Any CPU
		{4A3576E3-BB07-41BB-8B0C-0BB383110BE6}.Release|x86.Build.0 = Release|Any CPU
		{868B4F40-658E-4CA9-9DE2-4BDD7D3E91E0}.Debug|Any CPU.ActiveCfg = Debug|Any CPU
		{868B4F40-658E-4CA9-9DE2-4BDD7D3E91E0}.Debug|Any CPU.Build.0 = Debug|Any CPU
		{868B4F40-658E-4CA9-9DE2-4BDD7D3E91E0}.Debug|x64.ActiveCfg = Debug|Any CPU
		{868B4F40-658E-4CA9-9DE2-4BDD7D3E91E0}.Debug|x64.Build.0 = Debug|Any CPU
		{868B4F40-658E-4CA9-9DE2-4BDD7D3E91E0}.Debug|x86.ActiveCfg = Debug|Any CPU
		{868B4F40-658E-4CA9-9DE2-4BDD7D3E91E0}.Debug|x86.Build.0 = Debug|Any CPU
		{868B4F40-658E-4CA9-9DE2-4BDD7D3E91E0}.Release|Any CPU.ActiveCfg = Release|Any CPU
		{868B4F40-658E-4CA9-9DE2-4BDD7D3E91E0}.Release|Any CPU.Build.0 = Release|Any CPU
		{868B4F40-658E-4CA9-9DE2-4BDD7D3E91E0}.Release|x64.ActiveCfg = Release|Any CPU
		{868B4F40-658E-4CA9-9DE2-4BDD7D3E91E0}.Release|x64.Build.0 = Release|Any CPU
		{868B4F40-658E-4CA9-9DE2-4BDD7D3E91E0}.Release|x86.ActiveCfg = Release|Any CPU
		{868B4F40-658E-4CA9-9DE2-4BDD7D3E91E0}.Release|x86.Build.0 = Release|Any CPU
		{7FDB6623-1597-4F61-9DD5-85157A7EAD5C}.Debug|Any CPU.ActiveCfg = Debug|Any CPU
		{7FDB6623-1597-4F61-9DD5-85157A7EAD5C}.Debug|Any CPU.Build.0 = Debug|Any CPU
		{7FDB6623-1597-4F61-9DD5-85157A7EAD5C}.Debug|x64.ActiveCfg = Debug|Any CPU
		{7FDB6623-1597-4F61-9DD5-85157A7EAD5C}.Debug|x64.Build.0 = Debug|Any CPU
		{7FDB6623-1597-4F61-9DD5-85157A7EAD5C}.Debug|x86.ActiveCfg = Debug|Any CPU
		{7FDB6623-1597-4F61-9DD5-85157A7EAD5C}.Debug|x86.Build.0 = Debug|Any CPU
		{7FDB6623-1597-4F61-9DD5-85157A7EAD5C}.Release|Any CPU.ActiveCfg = Release|Any CPU
		{7FDB6623-1597-4F61-9DD5-85157A7EAD5C}.Release|Any CPU.Build.0 = Release|Any CPU
		{7FDB6623-1597-4F61-9DD5-85157A7EAD5C}.Release|x64.ActiveCfg = Release|Any CPU
		{7FDB6623-1597-4F61-9DD5-85157A7EAD5C}.Release|x64.Build.0 = Release|Any CPU
		{7FDB6623-1597-4F61-9DD5-85157A7EAD5C}.Release|x86.ActiveCfg = Release|Any CPU
		{7FDB6623-1597-4F61-9DD5-85157A7EAD5C}.Release|x86.Build.0 = Release|Any CPU
	EndGlobalSection
	GlobalSection(SolutionProperties) = preSolution
		HideSolutionNode = FALSE
	EndGlobalSection
	GlobalSection(NestedProjects) = preSolution
		{E3AC9C12-D144-4A5D-8F7D-ADD48ADBA50C} = {827E0CD3-B72D-47B6-A68D-7590B98EB39B}
		{4A3576E3-BB07-41BB-8B0C-0BB383110BE6} = {827E0CD3-B72D-47B6-A68D-7590B98EB39B}
		{868B4F40-658E-4CA9-9DE2-4BDD7D3E91E0} = {827E0CD3-B72D-47B6-A68D-7590B98EB39B}
		{7FDB6623-1597-4F61-9DD5-85157A7EAD5C} = {827E0CD3-B72D-47B6-A68D-7590B98EB39B}
	EndGlobalSection
EndGlobal
